
Microsoft Visual Studio Solution File, Format Version 12.00
# Visual Studio 15
VisualStudioVersion = 15.0.27130.2026
MinimumVisualStudioVersion = 10.0.40219.1
Project("{FAE04EC0-301F-11D3-BF4B-00C04F79EFBC}") = "Sugestoes_02", "Sugestoes_02\Sugestoes_02.csproj", "{241DBD88-B533-4D1B-9FC6-78B0BE7433F4}"
EndProject
Global
	GlobalSection(SolutionConfigurationPlatforms) = preSolution
		Debug|Any CPU = Debug|Any CPU
		Release|Any CPU = Release|Any CPU
	EndGlobalSection
	GlobalSection(ProjectConfigurationPlatforms) = postSolution
		{241DBD88-B533-4D1B-9FC6-78B0BE7433F4}.Debug|Any CPU.ActiveCfg = Debug|Any CPU
		{241DBD88-B533-4D1B-9FC6-78B0BE7433F4}.Debug|Any CPU.Build.0 = Debug|Any CPU
		{241DBD88-B533-4D1B-9FC6-78B0BE7433F4}.Release|Any CPU.ActiveCfg = Release|Any CPU
		{241DBD88-B533-4D1B-9FC6-78B0BE7433F4}.Release|Any CPU.Build.0 = Release|Any CPU
	EndGlobalSection
	GlobalSection(SolutionProperties) = preSolution
		HideSolutionNode = FALSE
	EndGlobalSection
	GlobalSection(ExtensibilityGlobals) = postSolution
		SolutionGuid = {7E9A2E7D-83B7-4322-9FAC-7E4D43F937AD}
	EndGlobalSection
EndGlobal
